// !$*UTF8*$!
{
	archiveVersion = 1;
	classes = {
	};
	objectVersion = 55;
	objects = {

/* Begin PBXBuildFile section */
		2B86BEC928B4B45D00EE5936 /* main.m in Sources */ = {isa = PBXBuildFile; fileRef = 2B86BEC828B4B45D00EE5936 /* main.m */; };
		2B86BED628B4B7AD00EE5936 /* BlockUses.m in Sources */ = {isa = PBXBuildFile; fileRef = 2B86BED528B4B7AC00EE5936 /* BlockUses.m */; };
		2B86BED928B4C77600EE5936 /* ContainerUses.m in Sources */ = {isa = PBXBuildFile; fileRef = 2B86BED828B4C77500EE5936 /* ContainerUses.m */; };
/* End PBXBuildFile section */

/* Begin PBXCopyFilesBuildPhase section */
		2B86BEC328B4B45D00EE5936 /* CopyFiles */ = {
			isa = PBXCopyFilesBuildPhase;
			buildActionMask = 2147483647;
			dstPath = /usr/share/man/man1/;
			dstSubfolderSpec = 0;
			files = (
			);
			runOnlyForDeploymentPostprocessing = 1;
		};
/* End PBXCopyFilesBuildPhase section */

/* Begin PBXFileReference section */
		2B86BEC528B4B45D00EE5936 /* block_and_containers */ = {isa = PBXFileReference; explicitFileType = "compiled.mach-o.executable"; includeInIndex = 0; path = block_and_containers; sourceTree = BUILT_PRODUCTS_DIR; };
		2B86BEC828B4B45D00EE5936 /* main.m */ = {isa = PBXFileReference; lastKnownFileType = sourcecode.c.objc; path = main.m; sourceTree = "<group>"; };
		2B86BED428B4B7AC00EE5936 /* BlockUses.h */ = {isa = PBXFileReference; lastKnownFileType = sourcecode.c.h; path = BlockUses.h; sourceTree = "<group>"; };
		2B86BED528B4B7AC00EE5936 /* BlockUses.m */ = {isa = PBXFileReference; lastKnownFileType = sourcecode.c.objc; path = BlockUses.m; sourceTree = "<group>"; };
		2B86BED728B4C77500EE5936 /* ContainerUses.h */ = {isa = PBXFileReference; lastKnownFileType = sourcecode.c.h; path = ContainerUses.h; sourceTree = "<group>"; };
		2B86BED828B4C77500EE5936 /* ContainerUses.m */ = {isa = PBXFileReference; lastKnownFileType = sourcecode.c.objc; path = ContainerUses.m; sourceTree = "<group>"; };
/* End PBXFileReference section */

/* Begin PBXFrameworksBuildPhase section */
		2B86BEC228B4B45D00EE5936 /* Frameworks */ = {
			isa = PBXFrameworksBuildPhase;
			buildActionMask = 2147483647;
			files = (
			);
			runOnlyForDeploymentPostprocessing = 0;
		};
/* End PBXFrameworksBuildPhase section */

/* Begin PBXGroup section */
		2B86BEBC28B4B45D00EE5936 = {
			isa = PBXGroup;
			children = (
				2B86BEC728B4B45D00EE5936 /* block_and_containers */,
				2B86BEC628B4B45D00EE5936 /* Products */,
			);
			sourceTree = "<group>";
		};
		2B86BEC628B4B45D00EE5936 /* Products */ = {
			isa = PBXGroup;
			children = (
				2B86BEC528B4B45D00EE5936 /* block_and_containers */,
			);
			name = Products;
			sourceTree = "<group>";
		};
		2B86BEC728B4B45D00EE5936 /* block_and_containers */ = {
			isa = PBXGroup;
			children = (
				2B86BEC828B4B45D00EE5936 /* main.m */,
				2B86BED428B4B7AC00EE5936 /* BlockUses.h */,
				2B86BED528B4B7AC00EE5936 /* BlockUses.m */,
				2B86BED728B4C77500EE5936 /* ContainerUses.h */,
				2B86BED828B4C77500EE5936 /* ContainerUses.m */,
			);
			path = block_and_containers;
			sourceTree = "<group>";
		};
/* End PBXGroup section */

/* Begin PBXNativeTarget section */
		2B86BEC428B4B45D00EE5936 /* block_and_containers */ = {
			isa = PBXNativeTarget;
			buildConfigurationList = 2B86BECC28B4B45D00EE5936 /* Build configuration list for PBXNativeTarget "block_and_containers" */;
			buildPhases = (
				2B86BEC128B4B45D00EE5936 /* Sources */,
				2B86BEC228B4B45D00EE5936 /* Frameworks */,
				2B86BEC328B4B45D00EE5936 /* CopyFiles */,
			);
			buildRules = (
			);
			dependencies = (
			);
			name = block_and_containers;
			productName = block_and_containers;
			productReference = 2B86BEC528B4B45D00EE5936 /* block_and_containers */;
			productType = "com.apple.product-type.tool";
		};
/* End PBXNativeTarget section */

/* Begin PBXProject section */
		2B86BEBD28B4B45D00EE5936 /* Project object */ = {
			isa = PBXProject;
			attributes = {
				BuildIndependentTargetsInParallel = 1;
				LastUpgradeCheck = 1340;
				TargetAttributes = {
					2B86BEC428B4B45D00EE5936 = {
						CreatedOnToolsVersion = 13.4.1;
					};
				};
			};
			buildConfigurationList = 2B86BEC028B4B45D00EE5936 /* Build configuration list for PBXProject "block_and_containers" */;
			compatibilityVersion = "Xcode 13.0";
			developmentRegion = en;
			hasScannedForEncodings = 0;
			knownRegions = (
				en,
				Base,
			);
			mainGroup = 2B86BEBC28B4B45D00EE5936;
			productRefGroup = 2B86BEC628B4B45D00EE5936 /* Products */;
			projectDirPath = "";
			projectRoot = "";
			targets = (
				2B86BEC428B4B45D00EE5936 /* block_and_containers */,
			);
		};
/* End PBXProject section */

/* Begin PBXSourcesBuildPhase section */
		2B86BEC128B4B45D00EE5936 /* Sources */ = {
			isa = PBXSourcesBuildPhase;
			buildActionMask = 2147483647;
			files = (
				2B86BED628B4B7AD00EE5936 /* BlockUses.m in Sources */,
				2B86BED928B4C77600EE5936 /* ContainerUses.m in Sources */,
				2B86BEC928B4B45D00EE5936 /* main.m in Sources */,
			);
			runOnlyForDeploymentPostprocessing = 0;
		};
/* End PBXSourcesBuildPhase section */

/* Begin XCBuildConfiguration section */
		2B86BECA28B4B45D00EE5936 /* Debug */ = {
			isa = XCBuildConfiguration;
			buildSettings = {
				ALWAYS_SEARCH_USER_PATHS = NO;
				CLANG_ANALYZER_NONNULL = YES;
				CLANG_ANALYZER_NUMBER_OBJECT_CONVERSION = YES_AGGRESSIVE;
				CLANG_CXX_LANGUAGE_STANDARD = "gnu++17";
				CLANG_ENABLE_MODULES = YES;
				CLANG_ENABLE_OBJC_ARC = YES;
				CLANG_ENABLE_OBJC_WEAK = YES;
				CLANG_WARN_BLOCK_CAPTURE_AUTORELEASING = YES;
				CLANG_WARN_BOOL_CONVERSION = YES;
				CLANG_WARN_COMMA = YES;
				CLANG_WARN_CONSTANT_CONVERSION = YES;
				CLANG_WARN_DEPRECATED_OBJC_IMPLEMENTATIONS = YES;
				CLANG_WARN_DIRECT_OBJC_ISA_USAGE = YES_ERROR;
				CLANG_WARN_DOCUMENTATION_COMMENTS = YES;
				CLANG_WARN_EMPTY_BODY = YES;
				CLANG_WARN_ENUM_CONVERSION = YES;
				CLANG_WARN_INFINITE_RECURSION = YES;
				CLANG_WARN_INT_CONVERSION = YES;
				CLANG_WARN_NON_LITERAL_NULL_CONVERSION = YES;
				CLANG_WARN_OBJC_IMPLICIT_RETAIN_SELF = YES;
				CLANG_WARN_OBJC_LITERAL_CONVERSION = YES;
				CLANG_WARN_OBJC_ROOT_CLASS = YES_ERROR;
				CLANG_WARN_QUOTED_INCLUDE_IN_FRAMEWORK_HEADER = YES;
				CLANG_WARN_RANGE_LOOP_ANALYSIS = YES;
				CLANG_WARN_STRICT_PROTOTYPES = YES;
				CLANG_WARN_SUSPICIOUS_MOVE = YES;
				CLANG_WARN_UNGUARDED_AVAILABILITY = YES_AGGRESSIVE;
				CLANG_WARN_UNREACHABLE_CODE = YES;
				CLANG_WARN__DUPLICATE_METHOD_MATCH = YES;
				COPY_PHASE_STRIP = NO;
				DEBUG_INFORMATION_FORMAT = dwarf;
				ENABLE_STRICT_OBJC_MSGSEND = YES;
				ENABLE_TESTABILITY = YES;
				GCC_C_LANGUAGE_STANDARD = gnu11;
				GCC_DYNAMIC_NO_PIC = NO;
				GCC_NO_COMMON_BLOCKS = YES;
				GCC_OPTIMIZATION_LEVEL = 0;
				GCC_PREPROCESSOR_DEFINITIONS = (
					"DEBUG=1",
					"$(inherited)",
				);
				GCC_WARN_64_TO_32_BIT_CONVERSION = YES;
				GCC_WARN_ABOUT_RETURN_TYPE = YES_ERROR;
				GCC_WARN_UNDECLARED_SELECTOR = YES;
				GCC_WARN_UNINITIALIZED_AUTOS = YES_AGGRESSIVE;
				GCC_WARN_UNUSED_FUNCTION = YES;
				GCC_WARN_UNUSED_VARIABLE = YES;
				MACOSX_DEPLOYMENT_TARGET = 12.2;
				MTL_ENABLE_DEBUG_INFO = INCLUDE_SOURCE;
				MTL_FAST_MATH = YES;
				ONLY_ACTIVE_ARCH = YES;
				SDKROOT = macosx;
			};
			name = Debug;
		};
		2B86BECB28B4B45D00EE5936 /* Release */ = {
			isa = XCBuildConfiguration;
			buildSettings = {
				ALWAYS_SEARCH_USER_PATHS = NO;
				CLANG_ANALYZER_NONNULL = YES;
				CLANG_ANALYZER_NUMBER_OBJECT_CONVERSION = YES_AGGRESSIVE;
				CLANG_CXX_LANGUAGE_STANDARD = "gnu++17";
				CLANG_ENABLE_MODULES = YES;
				CLANG_ENABLE_OBJC_ARC = YES;
				CLANG_ENABLE_OBJC_WEAK = YES;
				CLANG_WARN_BLOCK_CAPTURE_AUTORELEASING = YES;
				CLANG_WARN_BOOL_CONVERSION = YES;
				CLANG_WARN_COMMA = YES;
				CLANG_WARN_CONSTANT_CONVERSION = YES;
				CLANG_WARN_DEPRECATED_OBJC_IMPLEMENTATIONS = YES;
				CLANG_WARN_DIRECT_OBJC_ISA_USAGE = YES_ERROR;
				CLANG_WARN_DOCUMENTATION_COMMENTS = YES;
				CLANG_WARN_EMPTY_BODY = YES;
				CLANG_WARN_ENUM_CONVERSION = YES;
				CLANG_WARN_INFINITE_RECURSION = YES;
				CLANG_WARN_INT_CONVERSION = YES;
				CLANG_WARN_NON_LITERAL_NULL_CONVERSION = YES;
				CLANG_WARN_OBJC_IMPLICIT_RETAIN_SELF = YES;
				CLANG_WARN_OBJC_LITERAL_CONVERSION = YES;
				CLANG_WARN_OBJC_ROOT_CLASS = YES_ERROR;
				CLANG_WARN_QUOTED_INCLUDE_IN_FRAMEWORK_HEADER = YES;
				CLANG_WARN_RANGE_LOOP_ANALYSIS = YES;
				CLANG_WARN_STRICT_PROTOTYPES = YES;
				CLANG_WARN_SUSPICIOUS_MOVE = YES;
				CLANG_WARN_UNGUARDED_AVAILABILITY = YES_AGGRESSIVE;
				CLANG_WARN_UNREACHABLE_CODE = YES;
				CLANG_WARN__DUPLICATE_METHOD_MATCH = YES;
				COPY_PHASE_STRIP = NO;
				DEBUG_INFORMATION_FORMAT = "dwarf-with-dsym";
				ENABLE_NS_ASSERTIONS = NO;
				ENABLE_STRICT_OBJC_MSGSEND = YES;
				GCC_C_LANGUAGE_STANDARD = gnu11;
				GCC_NO_COMMON_BLOCKS = YES;
				GCC_WARN_64_TO_32_BIT_CONVERSION = YES;
				GCC_WARN_ABOUT_RETURN_TYPE = YES_ERROR;
				GCC_WARN_UNDECLARED_SELECTOR = YES;
				GCC_WARN_UNINITIALIZED_AUTOS = YES_AGGRESSIVE;
				GCC_WARN_UNUSED_FUNCTION = YES;
				GCC_WARN_UNUSED_VARIABLE = YES;
				MACOSX_DEPLOYMENT_TARGET = 12.2;
				MTL_ENABLE_DEBUG_INFO = NO;
				MTL_FAST_MATH = YES;
				SDKROOT = macosx;
			};
			name = Release;
		};
		2B86BECD28B4B45D00EE5936 /* Debug */ = {
			isa = XCBuildConfiguration;
			buildSettings = {
				CODE_SIGN_STYLE = Automatic;
				PRODUCT_NAME = "$(TARGET_NAME)";
			};
			name = Debug;
		};
		2B86BECE28B4B45D00EE5936 /* Release */ = {
			isa = XCBuildConfiguration;
			buildSettings = {
				CODE_SIGN_STYLE = Automatic;
				PRODUCT_NAME = "$(TARGET_NAME)";
			};
			name = Release;
		};
/* End XCBuildConfiguration section */

/* Begin XCConfigurationList section */
		2B86BEC028B4B45D00EE5936 /* Build configuration list for PBXProject "block_and_containers" */ = {
			isa = XCConfigurationList;
			buildConfigurations = (
				2B86BECA28B4B45D00EE5936 /* Debug */,
				2B86BECB28B4B45D00EE5936 /* Release */,
			);
			defaultConfigurationIsVisible = 0;
			defaultConfigurationName = Release;
		};
		2B86BECC28B4B45D00EE5936 /* Build configuration list for PBXNativeTarget "block_and_containers" */ = {
			isa = XCConfigurationList;
			buildConfigurations = (
				2B86BECD28B4B45D00EE5936 /* Debug */,
				2B86BECE28B4B45D00EE5936 /* Release */,
			);
			defaultConfigurationIsVisible = 0;
			defaultConfigurationName = Release;
		};
/* End XCConfigurationList section */
	};
	rootObject = 2B86BEBD28B4B45D00EE5936 /* Project object */;
}
